
Microsoft Visual Studio Solution File, Format Version 12.00
# Visual Studio Version 17
VisualStudioVersion = 17.0.31919.166
MinimumVisualStudioVersion = 10.0.40219.1
Project("{FAE04EC0-301F-11D3-BF4B-00C04F79EFBC}") = "shallowCopy", "shallowCopy\shallowCopy.csproj", "{B198B620-ED04-4DAB-9C6D-9C616D8B24F3}"
EndProject
Global
	GlobalSection(SolutionConfigurationPlatforms) = preSolution
		Debug|Any CPU = Debug|Any CPU
		Release|Any CPU = Release|Any CPU
	EndGlobalSection
	GlobalSection(ProjectConfigurationPlatforms) = postSolution
		{B198B620-ED04-4DAB-9C6D-9C616D8B24F3}.Debug|Any CPU.ActiveCfg = Debug|Any CPU
		{B198B620-ED04-4DAB-9C6D-9C616D8B24F3}.Debug|Any CPU.Build.0 = Debug|Any CPU
		{B198B620-ED04-4DAB-9C6D-9C616D8B24F3}.Release|Any CPU.ActiveCfg = Release|Any CPU
		{B198B620-ED04-4DAB-9C6D-9C616D8B24F3}.Release|Any CPU.Build.0 = Release|Any CPU
	EndGlobalSection
	GlobalSection(SolutionProperties) = preSolution
		HideSolutionNode = FALSE
	EndGlobalSection
	GlobalSection(ExtensibilityGlobals) = postSolution
		SolutionGuid = {27BEF0A1-1911-41D3-9A41-C38227F4EFFC}
	EndGlobalSection
EndGlobal
